lockfileVersion: '9.0'

settings:
  autoInstallPeers: true
  excludeLinksFromLockfile: false

importers:

  .:
    devDependencies:
      prettier:
        specifier: ^3.7.4
        version: 3.7.4
      turbo:
        specifier: ^2.7.0
        version: 2.7.0
      typescript:
        specifier: 5.9.2
        version: 5.9.2

  packages/typescript-config: {}

packages:

  prettier@3.7.4:
    resolution: {integrity: sha512-v6UNi1+3hSlVvv8fSaoUbggEM5VErKmmpGA7Pl3HF8V6uKY7rvClBOJlH6yNwQtfTueNkGVpOv/mtWL9L4bgRA==}
    engines: {node: '>=14'}

  turbo-darwin-64@2.7.0:
    resolution: {integrity: sha512-gwqL7cJOSYrV/jNmhXM8a2uzSFn7GcUASOuen6OgmUsafUj9SSWcgXZ/q0w9hRoL917hpidkdI//UpbxbZbwwg==}
    cpu: [x64]
    os: [darwin]

  turbo-darwin-arm64@2.7.0:
    resolution: {integrity: sha512-f3F5DYOnfE6lR6v/rSld7QGZgartKsnlIYY7jcF/AA7Wz27za9XjxMHzb+3i4pvRhAkryFgf2TNq7eCFrzyTpg==}
    cpu: [arm64]
    os: [darwin]

  turbo-linux-64@2.7.0:
    resolution: {integrity: sha512-KsC+UuKlhjCL+lom10/IYoxUsdhJOsuEki72YSr7WGYUSRihcdJQnaUyIDTlm0nPOb+gVihVNBuVP4KsNg1UnA==}
    cpu: [x64]
    os: [linux]

  turbo-linux-arm64@2.7.0:
    resolution: {integrity: sha512-1tjIYULeJtpmE/ovoI9qPBFJCtUEM7mYfeIMOIs4bXR6t/8u+rHPwr3j+vRHcXanIc42V1n3Pz52VqmJtIAviw==}
    cpu: [arm64]
    os: [linux]

  turbo-windows-64@2.7.0:
    resolution: {integrity: sha512-KThkAeax46XiH+qICCQm7R8V2pPdeTTP7ArCSRrSLqnlO75ftNm8Ljx4VAllwIZkILrq/GDM8PlyhZdPeUdDxQ==}
    cpu: [x64]
    os: [win32]

  turbo-windows-arm64@2.7.0:
    resolution: {integrity: sha512-kzI6rsQ3Ejs+CkM9HEEP3Z4h5YMCRxwIlQXFQmgXSG3BIgorCkRF2Xr7iQ2i9AGwY/6jbiAYeJbvi3yCp+noFw==}
    cpu: [arm64]
    os: [win32]

  turbo@2.7.0:
    resolution: {integrity: sha512-1dUGwi6cSSVZts1BwJa/Gh7w5dPNNGsNWZEAuRKxXWME44hTKWpQZrgiPnqMc5jJJOovzPK5N6tL+PHYRYL5Wg==}
    hasBin: true

  typescript@5.9.2:
    resolution: {integrity: sha512-CWBzXQrc/qOkhidw1OzBTQuYRbfyxDXJMVJ1XNwUHGROVmuaeiEm3OslpZ1RV96d7SKKjZKrSJu3+t/xlw3R9A==}
    engines: {node: '>=14.17'}

snapshots:

  prettier@3.7.4: {}

  turbo-darwin-64@2.7.0:
    optional: true

  turbo-darwin-arm64@2.7.0:
    optional: true

  turbo-linux-64@2.7.0:
    optional: true

  turbo-linux-arm64@2.7.0:
    optional: true

  turbo-windows-64@2.7.0:
    optional: true

  turbo-windows-arm64@2.7.0:
    optional: true

  turbo@2.7.0:
    optionalDependencies:
      turbo-darwin-64: 2.7.0
      turbo-darwin-arm64: 2.7.0
      turbo-linux-64: 2.7.0
      turbo-linux-arm64: 2.7.0
      turbo-windows-64: 2.7.0
      turbo-windows-arm64: 2.7.0

  typescript@5.9.2: {}
